
Microsoft Visual Studio Solution File, Format Version 12.00
# Visual Studio Version 17
VisualStudioVersion = 17.4.33213.308
MinimumVisualStudioVersion = 10.0.40219.1
Project("{FAE04EC0-301F-11D3-BF4B-00C04F79EFBC}") = "EmployeeCrud.Api", "EmployeeCrud.Api\EmployeeCrud.Api.csproj", "{75271BB6-E24A-402F-A2F4-2136FF97691E}"
EndProject
Project("{2150E333-8FDC-42A3-9474-1A3956D46DE8}") = "SolutionFiles", "SolutionFiles", "{DEB55DB5-AF36-4EB7-8845-B1D7E276E3DA}"
	ProjectSection(SolutionItems) = preProject
		..\..\.gitignore = ..\..\.gitignore
		..\..\README.md = ..\..\README.md
	EndProjectSection
EndProject
Global
	GlobalSection(SolutionConfigurationPlatforms) = preSolution
		Debug|Any CPU = Debug|Any CPU
		Release|Any CPU = Release|Any CPU
	EndGlobalSection
	GlobalSection(ProjectConfigurationPlatforms) = postSolution
		{75271BB6-E24A-402F-A2F4-2136FF97691E}.Debug|Any CPU.ActiveCfg = Debug|Any CPU
		{75271BB6-E24A-402F-A2F4-2136FF97691E}.Debug|Any CPU.Build.0 = Debug|Any CPU
		{75271BB6-E24A-402F-A2F4-2136FF97691E}.Release|Any CPU.ActiveCfg = Release|Any CPU
		{75271BB6-E24A-402F-A2F4-2136FF97691E}.Release|Any CPU.Build.0 = Release|Any CPU
	EndGlobalSection
	GlobalSection(SolutionProperties) = preSolution
		HideSolutionNode = FALSE
	EndGlobalSection
	GlobalSection(ExtensibilityGlobals) = postSolution
		SolutionGuid = {C5A672EA-CBB4-40AA-B571-127405184CCB}
	EndGlobalSection
EndGlobal
